
Microsoft Visual Studio Solution File, Format Version 12.00
# Visual Studio Version 17
VisualStudioVersion = 17.1.32210.238
MinimumVisualStudioVersion = 10.0.40219.1
Project("{9A19103F-16F7-4668-BE54-9A1E7A4F7556}") = "BlogAPI", "BlogAPI\BlogAPI.csproj", "{3F294087-F9DA-482E-9D82-18152B97F08C}"
EndProject
Project("{FAE04EC0-301F-11D3-BF4B-00C04F79EFBC}") = "BlogAPITests", "BlogAPITests\BlogAPITests.csproj", "{64D51251-5AEF-4A32-A5A6-6265C79B6A32}"
EndProject
Global
	GlobalSection(SolutionConfigurationPlatforms) = preSolution
		Debug|Any CPU = Debug|Any CPU
		Release|Any CPU = Release|Any CPU
	EndGlobalSection
	GlobalSection(ProjectConfigurationPlatforms) = postSolution
		{3F294087-F9DA-482E-9D82-18152B97F08C}.Debug|Any CPU.ActiveCfg = Debug|Any CPU
		{3F294087-F9DA-482E-9D82-18152B97F08C}.Debug|Any CPU.Build.0 = Debug|Any CPU
		{3F294087-F9DA-482E-9D82-18152B97F08C}.Release|Any CPU.ActiveCfg = Release|Any CPU
		{3F294087-F9DA-482E-9D82-18152B97F08C}.Release|Any CPU.Build.0 = Release|Any CPU
		{64D51251-5AEF-4A32-A5A6-6265C79B6A32}.Debug|Any CPU.ActiveCfg = Debug|Any CPU
		{64D51251-5AEF-4A32-A5A6-6265C79B6A32}.Debug|Any CPU.Build.0 = Debug|Any CPU
		{64D51251-5AEF-4A32-A5A6-6265C79B6A32}.Release|Any CPU.ActiveCfg = Release|Any CPU
		{64D51251-5AEF-4A32-A5A6-6265C79B6A32}.Release|Any CPU.Build.0 = Release|Any CPU
	EndGlobalSection
	GlobalSection(SolutionProperties) = preSolution
		HideSolutionNode = FALSE
	EndGlobalSection
	GlobalSection(ExtensibilityGlobals) = postSolution
		SolutionGuid = {5A8E63AE-738E-44EC-A7E8-DEDB680B796D}
	EndGlobalSection
EndGlobal
